
Microsoft Visual Studio Solution File, Format Version 12.00
# Visual Studio Version 16
VisualStudioVersion = 16.0.30907.101
MinimumVisualStudioVersion = 10.0.40219.1
Project("{FAE04EC0-301F-11D3-BF4B-00C04F79EFBC}") = "ClassMetotDemo", "ClassMetotDemo\ClassMetotDemo.csproj", "{8C62525A-153B-4297-9BDD-7C7EEF0972D1}"
EndProject
Global
	GlobalSection(SolutionConfigurationPlatforms) = preSolution
		Debug|Any CPU = Debug|Any CPU
		Release|Any CPU = Release|Any CPU
	EndGlobalSection
	GlobalSection(ProjectConfigurationPlatforms) = postSolution
		{8C62525A-153B-4297-9BDD-7C7EEF0972D1}.Debug|Any CPU.ActiveCfg = Debug|Any CPU
		{8C62525A-153B-4297-9BDD-7C7EEF0972D1}.Debug|Any CPU.Build.0 = Debug|Any CPU
		{8C62525A-153B-4297-9BDD-7C7EEF0972D1}.Release|Any CPU.ActiveCfg = Release|Any CPU
		{8C62525A-153B-4297-9BDD-7C7EEF0972D1}.Release|Any CPU.Build.0 = Release|Any CPU
	EndGlobalSection
	GlobalSection(SolutionProperties) = preSolution
		HideSolutionNode = FALSE
	EndGlobalSection
	GlobalSection(ExtensibilityGlobals) = postSolution
		SolutionGuid = {AA5C49A4-2CA9-45B9-A139-2C4E1298B04A}
	EndGlobalSection
EndGlobal
